// !$*UTF8*$!
{
	archiveVersion = 1;
	classes = {
	};
	objectVersion = 56;
	objects = {

/* Begin PBXBuildFile section */
		3CEE90A92AF32BED004981EA /* AppDelegate.swift in Sources */ = {isa = PBXBuildFile; fileRef = 3CEE90A82AF32BED004981EA /* AppDelegate.swift */; };
		3CEE90AB2AF32BED004981EA /* SceneDelegate.swift in Sources */ = {isa = PBXBuildFile; fileRef = 3CEE90AA2AF32BED004981EA /* SceneDelegate.swift */; };
		3CEE90AD2AF32BED004981EA /* ViewController.swift in Sources */ = {isa = PBXBuildFile; fileRef = 3CEE90AC2AF32BED004981EA /* ViewController.swift */; };
		3CEE90B02AF32BED004981EA /* Main.storyboard in Resources */ = {isa = PBXBuildFile; fileRef = 3CEE90AE2AF32BED004981EA /* Main.storyboard */; };
		3CEE90B22AF32BEF004981EA /* Assets.xcassets in Resources */ = {isa = PBXBuildFile; fileRef = 3CEE90B12AF32BEF004981EA /* Assets.xcassets */; };
		3CEE90B52AF32BEF004981EA /* LaunchScreen.storyboard in Resources */ = {isa = PBXBuildFile; fileRef = 3CEE90B32AF32BEF004981EA /* LaunchScreen.storyboard */; };
		3CEE90C02AF32BEF004981EA /* ProductFinderTests.swift in Sources */ = {isa = PBXBuildFile; fileRef = 3CEE90BF2AF32BEF004981EA /* ProductFinderTests.swift */; };
		3CEE90CA2AF32BEF004981EA /* ProductFinderUITests.swift in Sources */ = {isa = PBXBuildFile; fileRef = 3CEE90C92AF32BEF004981EA /* ProductFinderUITests.swift */; };
		3CEE90CC2AF32BEF004981EA /* ProductFinderUITestsLaunchTests.swift in Sources */ = {isa = PBXBuildFile; fileRef = 3CEE90CB2AF32BEF004981EA /* ProductFinderUITestsLaunchTests.swift */; };
/* End PBXBuildFile section */

/* Begin PBXContainerItemProxy section */
		3CEE90BC2AF32BEF004981EA /* PBXContainerItemProxy */ = {
			isa = PBXContainerItemProxy;
			containerPortal = 3CEE909D2AF32BED004981EA /* Project object */;
			proxyType = 1;
			remoteGlobalIDString = 3CEE90A42AF32BED004981EA;
			remoteInfo = ProductFinder;
		};
		3CEE90C62AF32BEF004981EA /* PBXContainerItemProxy */ = {
			isa = PBXContainerItemProxy;
			containerPortal = 3CEE909D2AF32BED004981EA /* Project object */;
			proxyType = 1;
			remoteGlobalIDString = 3CEE90A42AF32BED004981EA;
			remoteInfo = ProductFinder;
		};
/* End PBXContainerItemProxy section */

/* Begin PBXFileReference section */
		3CEE90A52AF32BED004981EA /* ProductFinder.app */ = {isa = PBXFileReference; explicitFileType = wrapper.application; includeInIndex = 0; path = ProductFinder.app; sourceTree = BUILT_PRODUCTS_DIR; };
		3CEE90A82AF32BED004981EA /* AppDelegate.swift */ = {isa = PBXFileReference; lastKnownFileType = sourcecode.swift; path = AppDelegate.swift; sourceTree = "<group>"; };
		3CEE90AA2AF32BED004981EA /* SceneDelegate.swift */ = {isa = PBXFileReference; lastKnownFileType = sourcecode.swift; path = SceneDelegate.swift; sourceTree = "<group>"; };
		3CEE90AC2AF32BED004981EA /* ViewController.swift */ = {isa = PBXFileReference; lastKnownFileType = sourcecode.swift; path = ViewController.swift; sourceTree = "<group>"; };
		3CEE90AF2AF32BED004981EA /* Base */ = {isa = PBXFileReference; lastKnownFileType = file.storyboard; name = Base; path = Base.lproj/Main.storyboard; sourceTree = "<group>"; };
		3CEE90B12AF32BEF004981EA /* Assets.xcassets */ = {isa = PBXFileReference; lastKnownFileType = folder.assetcatalog; path = Assets.xcassets; sourceTree = "<group>"; };
		3CEE90B42AF32BEF004981EA /* Base */ = {isa = PBXFileReference; lastKnownFileType = file.storyboard; name = Base; path = Base.lproj/LaunchScreen.storyboard; sourceTree = "<group>"; };
		3CEE90B62AF32BEF004981EA /* Info.plist */ = {isa = PBXFileReference; lastKnownFileType = text.plist.xml; path = Info.plist; sourceTree = "<group>"; };
		3CEE90BB2AF32BEF004981EA /* ProductFinderTests.xctest */ = {isa = PBXFileReference; explicitFileType = wrapper.cfbundle; includeInIndex = 0; path = ProductFinderTests.xctest; sourceTree = BUILT_PRODUCTS_DIR; };
		3CEE90BF2AF32BEF004981EA /* ProductFinderTests.swift */ = {isa = PBXFileReference; lastKnownFileType = sourcecode.swift; path = ProductFinderTests.swift; sourceTree = "<group>"; };
		3CEE90C52AF32BEF004981EA /* ProductFinderUITests.xctest */ = {isa = PBXFileReference; explicitFileType = wrapper.cfbundle; includeInIndex = 0; path = ProductFinderUITests.xctest; sourceTree = BUILT_PRODUCTS_DIR; };
		3CEE90C92AF32BEF004981EA /* ProductFinderUITests.swift */ = {isa = PBXFileReference; lastKnownFileType = sourcecode.swift; path = ProductFinderUITests.swift; sourceTree = "<group>"; };
		3CEE90CB2AF32BEF004981EA /* ProductFinderUITestsLaunchTests.swift */ = {isa = PBXFileReference; lastKnownFileType = sourcecode.swift; path = ProductFinderUITestsLaunchTests.swift; sourceTree = "<group>"; };
/* End PBXFileReference section */

/* Begin PBXFrameworksBuildPhase section */
		3CEE90A22AF32BED004981EA /* Frameworks */ = {
			isa = PBXFrameworksBuildPhase;
			buildActionMask = 2147483647;
			files = (
			);
			runOnlyForDeploymentPostprocessing = 0;
		};
		3CEE90B82AF32BEF004981EA /* Frameworks */ = {
			isa = PBXFrameworksBuildPhase;
			buildActionMask = 2147483647;
			files = (
			);
			runOnlyForDeploymentPostprocessing = 0;
		};
		3CEE90C22AF32BEF004981EA /* Frameworks */ = {
			isa = PBXFrameworksBuildPhase;
			buildActionMask = 2147483647;
			files = (
			);
			runOnlyForDeploymentPostprocessing = 0;
		};
/* End PBXFrameworksBuildPhase section */

/* Begin PBXGroup section */
		3CEE909C2AF32BED004981EA = {
			isa = PBXGroup;
			children = (
				3CEE90A72AF32BED004981EA /* ProductFinder */,
				3CEE90BE2AF32BEF004981EA /* ProductFinderTests */,
				3CEE90C82AF32BEF004981EA /* ProductFinderUITests */,
				3CEE90A62AF32BED004981EA /* Products */,
			);
			sourceTree = "<group>";
		};
		3CEE90A62AF32BED004981EA /* Products */ = {
			isa = PBXGroup;
			children = (
				3CEE90A52AF32BED004981EA /* ProductFinder.app */,
				3CEE90BB2AF32BEF004981EA /* ProductFinderTests.xctest */,
				3CEE90C52AF32BEF004981EA /* ProductFinderUITests.xctest */,
			);
			name = Products;
			sourceTree = "<group>";
		};
		3CEE90A72AF32BED004981EA /* ProductFinder */ = {
			isa = PBXGroup;
			children = (
				3CEE90A82AF32BED004981EA /* AppDelegate.swift */,
				3CEE90AA2AF32BED004981EA /* SceneDelegate.swift */,
				3CEE90AC2AF32BED004981EA /* ViewController.swift */,
				3CEE90AE2AF32BED004981EA /* Main.storyboard */,
				3CEE90B12AF32BEF004981EA /* Assets.xcassets */,
				3CEE90B32AF32BEF004981EA /* LaunchScreen.storyboard */,
				3CEE90B62AF32BEF004981EA /* Info.plist */,
			);
			path = ProductFinder;
			sourceTree = "<group>";
		};
		3CEE90BE2AF32BEF004981EA /* ProductFinderTests */ = {
			isa = PBXGroup;
			children = (
				3CEE90BF2AF32BEF004981EA /* ProductFinderTests.swift */,
			);
			path = ProductFinderTests;
			sourceTree = "<group>";
		};
		3CEE90C82AF32BEF004981EA /* ProductFinderUITests */ = {
			isa = PBXGroup;
			children = (
				3CEE90C92AF32BEF004981EA /* ProductFinderUITests.swift */,
				3CEE90CB2AF32BEF004981EA /* ProductFinderUITestsLaunchTests.swift */,
			);
			path = ProductFinderUITests;
			sourceTree = "<group>";
		};
/* End PBXGroup section */

/* Begin PBXNativeTarget section */
		3CEE90A42AF32BED004981EA /* ProductFinder */ = {
			isa = PBXNativeTarget;
			buildConfigurationList = 3CEE90CF2AF32BEF004981EA /* Build configuration list for PBXNativeTarget "ProductFinder" */;
			buildPhases = (
				3CEE90A12AF32BED004981EA /* Sources */,
				3CEE90A22AF32BED004981EA /* Frameworks */,
				3CEE90A32AF32BED004981EA /* Resources */,
			);
			buildRules = (
			);
			dependencies = (
			);
			name = ProductFinder;
			productName = ProductFinder;
			productReference = 3CEE90A52AF32BED004981EA /* ProductFinder.app */;
			productType = "com.apple.product-type.application";
		};
		3CEE90BA2AF32BEF004981EA /* ProductFinderTests */ = {
			isa = PBXNativeTarget;
			buildConfigurationList = 3CEE90D22AF32BEF004981EA /* Build configuration list for PBXNativeTarget "ProductFinderTests" */;
			buildPhases = (
				3CEE90B72AF32BEF004981EA /* Sources */,
				3CEE90B82AF32BEF004981EA /* Frameworks */,
				3CEE90B92AF32BEF004981EA /* Resources */,
			);
			buildRules = (
			);
			dependencies = (
				3CEE90BD2AF32BEF004981EA /* PBXTargetDependency */,
			);
			name = ProductFinderTests;
			productName = ProductFinderTests;
			productReference = 3CEE90BB2AF32BEF004981EA /* ProductFinderTests.xctest */;
			productType = "com.apple.product-type.bundle.unit-test";
		};
		3CEE90C42AF32BEF004981EA /* ProductFinderUITests */ = {
			isa = PBXNativeTarget;
			buildConfigurationList = 3CEE90D52AF32BEF004981EA /* Build configuration list for PBXNativeTarget "ProductFinderUITests" */;
			buildPhases = (
				3CEE90C12AF32BEF004981EA /* Sources */,
				3CEE90C22AF32BEF004981EA /* Frameworks */,
				3CEE90C32AF32BEF004981EA /* Resources */,
			);
			buildRules = (
			);
			dependencies = (
				3CEE90C72AF32BEF004981EA /* PBXTargetDependency */,
			);
			name = ProductFinderUITests;
			productName = ProductFinderUITests;
			productReference = 3CEE90C52AF32BEF004981EA /* ProductFinderUITests.xctest */;
			productType = "com.apple.product-type.bundle.ui-testing";
		};
/* End PBXNativeTarget section */

/* Begin PBXProject section */
		3CEE909D2AF32BED004981EA /* Project object */ = {
			isa = PBXProject;
			attributes = {
				BuildIndependentTargetsInParallel = 1;
				LastSwiftUpdateCheck = 1420;
				LastUpgradeCheck = 1420;
				TargetAttributes = {
					3CEE90A42AF32BED004981EA = {
						CreatedOnToolsVersion = 14.2;
					};
					3CEE90BA2AF32BEF004981EA = {
						CreatedOnToolsVersion = 14.2;
						TestTargetID = 3CEE90A42AF32BED004981EA;
					};
					3CEE90C42AF32BEF004981EA = {
						CreatedOnToolsVersion = 14.2;
						TestTargetID = 3CEE90A42AF32BED004981EA;
					};
				};
			};
			buildConfigurationList = 3CEE90A02AF32BED004981EA /* Build configuration list for PBXProject "ProductFinder" */;
			compatibilityVersion = "Xcode 14.0";
			developmentRegion = en;
			hasScannedForEncodings = 0;
			knownRegions = (
				en,
				Base,
			);
			mainGroup = 3CEE909C2AF32BED004981EA;
			productRefGroup = 3CEE90A62AF32BED004981EA /* Products */;
			projectDirPath = "";
			projectRoot = "";
			targets = (
				3CEE90A42AF32BED004981EA /* ProductFinder */,
				3CEE90BA2AF32BEF004981EA /* ProductFinderTests */,
				3CEE90C42AF32BEF004981EA /* ProductFinderUITests */,
			);
		};
/* End PBXProject section */

/* Begin PBXResourcesBuildPhase section */
		3CEE90A32AF32BED004981EA /* Resources */ = {
			isa = PBXResourcesBuildPhase;
			buildActionMask = 2147483647;
			files = (
				3CEE90B52AF32BEF004981EA /* LaunchScreen.storyboard in Resources */,
				3CEE90B22AF32BEF004981EA /* Assets.xcassets in Resources */,
				3CEE90B02AF32BED004981EA /* Main.storyboard in Resources */,
			);
			runOnlyForDeploymentPostprocessing = 0;
		};
		3CEE90B92AF32BEF004981EA /* Resources */ = {
			isa = PBXResourcesBuildPhase;
			buildActionMask = 2147483647;
			files = (
			);
			runOnlyForDeploymentPostprocessing = 0;
		};
		3CEE90C32AF32BEF004981EA /* Resources */ = {
			isa = PBXResourcesBuildPhase;
			buildActionMask = 2147483647;
			files = (
			);
			runOnlyForDeploymentPostprocessing = 0;
		};
/* End PBXResourcesBuildPhase section */

/* Begin PBXSourcesBuildPhase section */
		3CEE90A12AF32BED004981EA /* Sources */ = {
			isa = PBXSourcesBuildPhase;
			buildActionMask = 2147483647;
			files = (
				3CEE90AD2AF32BED004981EA /* ViewController.swift in Sources */,
				3CEE90A92AF32BED004981EA /* AppDelegate.swift in Sources */,
				3CEE90AB2AF32BED004981EA /* SceneDelegate.swift in Sources */,
			);
			runOnlyForDeploymentPostprocessing = 0;
		};
		3CEE90B72AF32BEF004981EA /* Sources */ = {
			isa = PBXSourcesBuildPhase;
			buildActionMask = 2147483647;
			files = (
				3CEE90C02AF32BEF004981EA /* ProductFinderTests.swift in Sources */,
			);
			runOnlyForDeploymentPostprocessing = 0;
		};
		3CEE90C12AF32BEF004981EA /* Sources */ = {
			isa = PBXSourcesBuildPhase;
			buildActionMask = 2147483647;
			files = (
				3CEE90CC2AF32BEF004981EA /* ProductFinderUITestsLaunchTests.swift in Sources */,
				3CEE90CA2AF32BEF004981EA /* ProductFinderUITests.swift in Sources */,
			);
			runOnlyForDeploymentPostprocessing = 0;
		};
/* End PBXSourcesBuildPhase section */

/* Begin PBXTargetDependency section */
		3CEE90BD2AF32BEF004981EA /* PBXTargetDependency */ = {
			isa = PBXTargetDependency;
			target = 3CEE90A42AF32BED004981EA /* ProductFinder */;
			targetProxy = 3CEE90BC2AF32BEF004981EA /* PBXContainerItemProxy */;
		};
		3CEE90C72AF32BEF004981EA /* PBXTargetDependency */ = {
			isa = PBXTargetDependency;
			target = 3CEE90A42AF32BED004981EA /* ProductFinder */;
			targetProxy = 3CEE90C62AF32BEF004981EA /* PBXContainerItemProxy */;
		};
/* End PBXTargetDependency section */

/* Begin PBXVariantGroup section */
		3CEE90AE2AF32BED004981EA /* Main.storyboard */ = {
			isa = PBXVariantGroup;
			children = (
				3CEE90AF2AF32BED004981EA /* Base */,
			);
			name = Main.storyboard;
			sourceTree = "<group>";
		};
		3CEE90B32AF32BEF004981EA /* LaunchScreen.storyboard */ = {
			isa = PBXVariantGroup;
			children = (
				3CEE90B42AF32BEF004981EA /* Base */,
			);
			name = LaunchScreen.storyboard;
			sourceTree = "<group>";
		};
/* End PBXVariantGroup section */

/* Begin XCBuildConfiguration section */
		3CEE90CD2AF32BEF004981EA /* Debug */ = {
			isa = XCBuildConfiguration;
			buildSettings = {
				ALWAYS_SEARCH_USER_PATHS = NO;
				CLANG_ANALYZER_NONNULL = YES;
				CLANG_ANALYZER_NUMBER_OBJECT_CONVERSION = YES_AGGRESSIVE;
				CLANG_CXX_LANGUAGE_STANDARD = "gnu++20";
				CLANG_ENABLE_MODULES = YES;
				CLANG_ENABLE_OBJC_ARC = YES;
				CLANG_ENABLE_OBJC_WEAK = YES;
				CLANG_WARN_BLOCK_CAPTURE_AUTORELEASING = YES;
				CLANG_WARN_BOOL_CONVERSION = YES;
				CLANG_WARN_COMMA = YES;
				CLANG_WARN_CONSTANT_CONVERSION = YES;
				CLANG_WARN_DEPRECATED_OBJC_IMPLEMENTATIONS = YES;
				CLANG_WARN_DIRECT_OBJC_ISA_USAGE = YES_ERROR;
				CLANG_WARN_DOCUMENTATION_COMMENTS = YES;
				CLANG_WARN_EMPTY_BODY = YES;
				CLANG_WARN_ENUM_CONVERSION = YES;
				CLANG_WARN_INFINITE_RECURSION = YES;
				CLANG_WARN_INT_CONVERSION = YES;
				CLANG_WARN_NON_LITERAL_NULL_CONVERSION = YES;
				CLANG_WARN_OBJC_IMPLICIT_RETAIN_SELF = YES;
				CLANG_WARN_OBJC_LITERAL_CONVERSION = YES;
				CLANG_WARN_OBJC_ROOT_CLASS = YES_ERROR;
				CLANG_WARN_QUOTED_INCLUDE_IN_FRAMEWORK_HEADER = YES;
				CLANG_WARN_RANGE_LOOP_ANALYSIS = YES;
				CLANG_WARN_STRICT_PROTOTYPES = YES;
				CLANG_WARN_SUSPICIOUS_MOVE = YES;
				CLANG_WARN_UNGUARDED_AVAILABILITY = YES_AGGRESSIVE;
				CLANG_WARN_UNREACHABLE_CODE = YES;
				CLANG_WARN__DUPLICATE_METHOD_MATCH = YES;
				COPY_PHASE_STRIP = NO;
				DEBUG_INFORMATION_FORMAT = dwarf;
				ENABLE_STRICT_OBJC_MSGSEND = YES;
				ENABLE_TESTABILITY = YES;
				GCC_C_LANGUAGE_STANDARD = gnu11;
				GCC_DYNAMIC_NO_PIC = NO;
				GCC_NO_COMMON_BLOCKS = YES;
				GCC_OPTIMIZATION_LEVEL = 0;
				GCC_PREPROCESSOR_DEFINITIONS = (
					"DEBUG=1",
					"$(inherited)",
				);
				GCC_WARN_64_TO_32_BIT_CONVERSION = YES;
				GCC_WARN_ABOUT_RETURN_TYPE = YES_ERROR;
				GCC_WARN_UNDECLARED_SELECTOR = YES;
				GCC_WARN_UNINITIALIZED_AUTOS = YES_AGGRESSIVE;
				GCC_WARN_UNUSED_FUNCTION = YES;
				GCC_WARN_UNUSED_VARIABLE = YES;
				IPHONEOS_DEPLOYMENT_TARGET = 16.2;
				MTL_ENABLE_DEBUG_INFO = INCLUDE_SOURCE;
				MTL_FAST_MATH = YES;
				ONLY_ACTIVE_ARCH = YES;
				SDKROOT = iphoneos;
				SWIFT_ACTIVE_COMPILATION_CONDITIONS = DEBUG;
				SWIFT_OPTIMIZATION_LEVEL = "-Onone";
			};
			name = Debug;
		};
		3CEE90CE2AF32BEF004981EA /* Release */ = {
			isa = XCBuildConfiguration;
			buildSettings = {
				ALWAYS_SEARCH_USER_PATHS = NO;
				CLANG_ANALYZER_NONNULL = YES;
				CLANG_ANALYZER_NUMBER_OBJECT_CONVERSION = YES_AGGRESSIVE;
				CLANG_CXX_LANGUAGE_STANDARD = "gnu++20";
				CLANG_ENABLE_MODULES = YES;
				CLANG_ENABLE_OBJC_ARC = YES;
				CLANG_ENABLE_OBJC_WEAK = YES;
				CLANG_WARN_BLOCK_CAPTURE_AUTORELEASING = YES;
				CLANG_WARN_BOOL_CONVERSION = YES;
				CLANG_WARN_COMMA = YES;
				CLANG_WARN_CONSTANT_CONVERSION = YES;
				CLANG_WARN_DEPRECATED_OBJC_IMPLEMENTATIONS = YES;
				CLANG_WARN_DIRECT_OBJC_ISA_USAGE = YES_ERROR;
				CLANG_WARN_DOCUMENTATION_COMMENTS = YES;
				CLANG_WARN_EMPTY_BODY = YES;
				CLANG_WARN_ENUM_CONVERSION = YES;
				CLANG_WARN_INFINITE_RECURSION = YES;
				CLANG_WARN_INT_CONVERSION = YES;
				CLANG_WARN_NON_LITERAL_NULL_CONVERSION = YES;
				CLANG_WARN_OBJC_IMPLICIT_RETAIN_SELF = YES;
				CLANG_WARN_OBJC_LITERAL_CONVERSION = YES;
				CLANG_WARN_OBJC_ROOT_CLASS = YES_ERROR;
				CLANG_WARN_QUOTED_INCLUDE_IN_FRAMEWORK_HEADER = YES;
				CLANG_WARN_RANGE_LOOP_ANALYSIS = YES;
				CLANG_WARN_STRICT_PROTOTYPES = YES;
				CLANG_WARN_SUSPICIOUS_MOVE = YES;
				CLANG_WARN_UNGUARDED_AVAILABILITY = YES_AGGRESSIVE;
				CLANG_WARN_UNREACHABLE_CODE = YES;
				CLANG_WARN__DUPLICATE_METHOD_MATCH = YES;
				COPY_PHASE_STRIP = NO;
				DEBUG_INFORMATION_FORMAT = "dwarf-with-dsym";
				ENABLE_NS_ASSERTIONS = NO;
				ENABLE_STRICT_OBJC_MSGSEND = YES;
				GCC_C_LANGUAGE_STANDARD = gnu11;
				GCC_NO_COMMON_BLOCKS = YES;
				GCC_WARN_64_TO_32_BIT_CONVERSION = YES;
				GCC_WARN_ABOUT_RETURN_TYPE = YES_ERROR;
				GCC_WARN_UNDECLARED_SELECTOR = YES;
				GCC_WARN_UNINITIALIZED_AUTOS = YES_AGGRESSIVE;
				GCC_WARN_UNUSED_FUNCTION = YES;
				GCC_WARN_UNUSED_VARIABLE = YES;
				IPHONEOS_DEPLOYMENT_TARGET = 16.2;
				MTL_ENABLE_DEBUG_INFO = NO;
				MTL_FAST_MATH = YES;
				SDKROOT = iphoneos;
				SWIFT_COMPILATION_MODE = wholemodule;
				SWIFT_OPTIMIZATION_LEVEL = "-O";
				VALIDATE_PRODUCT = YES;
			};
			name = Release;
		};
		3CEE90D02AF32BEF004981EA /* Debug */ = {
			isa = XCBuildConfiguration;
			buildSettings = {
				ASSETCATALOG_COMPILER_APPICON_NAME = AppIcon;
				ASSETCATALOG_COMPILER_GLOBAL_ACCENT_COLOR_NAME = AccentColor;
				CODE_SIGN_STYLE = Automatic;
				CURRENT_PROJECT_VERSION = 1;
				GENERATE_INFOPLIST_FILE = YES;
				INFOPLIST_FILE = ProductFinder/Info.plist;
				INFOPLIST_KEY_UIApplicationSupportsIndirectInputEvents = YES;
				INFOPLIST_KEY_UILaunchStoryboardName = LaunchScreen;
				INFOPLIST_KEY_UIMainStoryboardFile = Main;
				INFOPLIST_KEY_UISupportedInterfaceOrientations_iPad = "UIInterfaceOrientationPortrait UIInterfaceOrientationPortraitUpsideDown UIInterfaceOrientationLandscapeLeft UIInterfaceOrientationLandscapeRight";
				INFOPLIST_KEY_UISupportedInterfaceOrientations_iPhone = "UIInterfaceOrientationPortrait UIInterfaceOrientationLandscapeLeft UIInterfaceOrientationLandscapeRight";
				LD_RUNPATH_SEARCH_PATHS = (
					"$(inherited)",
					"@executable_path/Frameworks",
				);
				MARKETING_VERSION = 1.0;
				PRODUCT_BUNDLE_IDENTIFIER = com.ProductFinder;
				PRODUCT_NAME = "$(TARGET_NAME)";
				SWIFT_EMIT_LOC_STRINGS = YES;
				SWIFT_VERSION = 5.0;
				TARGETED_DEVICE_FAMILY = "1,2";
			};
			name = Debug;
		};
		3CEE90D12AF32BEF004981EA /* Release */ = {
			isa = XCBuildConfiguration;
			buildSettings = {
				ASSETCATALOG_COMPILER_APPICON_NAME = AppIcon;
				ASSETCATALOG_COMPILER_GLOBAL_ACCENT_COLOR_NAME = AccentColor;
				CODE_SIGN_STYLE = Automatic;
				CURRENT_PROJECT_VERSION = 1;
				GENERATE_INFOPLIST_FILE = YES;
				INFOPLIST_FILE = ProductFinder/Info.plist;
				INFOPLIST_KEY_UIApplicationSupportsIndirectInputEvents = YES;
				INFOPLIST_KEY_UILaunchStoryboardName = LaunchScreen;
				INFOPLIST_KEY_UIMainStoryboardFile = Main;
				INFOPLIST_KEY_UISupportedInterfaceOrientations_iPad = "UIInterfaceOrientationPortrait UIInterfaceOrientationPortraitUpsideDown UIInterfaceOrientationLandscapeLeft UIInterfaceOrientationLandscapeRight";
				INFOPLIST_KEY_UISupportedInterfaceOrientations_iPhone = "UIInterfaceOrientationPortrait UIInterfaceOrientationLandscapeLeft UIInterfaceOrientationLandscapeRight";
				LD_RUNPATH_SEARCH_PATHS = (
					"$(inherited)",
					"@executable_path/Frameworks",
				);
				MARKETING_VERSION = 1.0;
				PRODUCT_BUNDLE_IDENTIFIER = com.ProductFinder;
				PRODUCT_NAME = "$(TARGET_NAME)";
				SWIFT_EMIT_LOC_STRINGS = YES;
				SWIFT_VERSION = 5.0;
				TARGETED_DEVICE_FAMILY = "1,2";
			};
			name = Release;
		};
		3CEE90D32AF32BEF004981EA /* Debug */ = {
			isa = XCBuildConfiguration;
			buildSettings = {
				ALWAYS_EMBED_SWIFT_STANDARD_LIBRARIES = YES;
				BUNDLE_LOADER = "$(TEST_HOST)";
				CODE_SIGN_STYLE = Automatic;
				CURRENT_PROJECT_VERSION = 1;
				GENERATE_INFOPLIST_FILE = YES;
				IPHONEOS_DEPLOYMENT_TARGET = 16.2;
				MARKETING_VERSION = 1.0;
				PRODUCT_BUNDLE_IDENTIFIER = com.ProductFinderTests;
				PRODUCT_NAME = "$(TARGET_NAME)";
				SWIFT_EMIT_LOC_STRINGS = NO;
				SWIFT_VERSION = 5.0;
				TARGETED_DEVICE_FAMILY = "1,2";
				TEST_HOST = "$(BUILT_PRODUCTS_DIR)/ProductFinder.app/$(BUNDLE_EXECUTABLE_FOLDER_PATH)/ProductFinder";
			};
			name = Debug;
		};
		3CEE90D42AF32BEF004981EA /* Release */ = {
			isa = XCBuildConfiguration;
			buildSettings = {
				ALWAYS_EMBED_SWIFT_STANDARD_LIBRARIES = YES;
				BUNDLE_LOADER = "$(TEST_HOST)";
				CODE_SIGN_STYLE = Automatic;
				CURRENT_PROJECT_VERSION = 1;
				GENERATE_INFOPLIST_FILE = YES;
				IPHONEOS_DEPLOYMENT_TARGET = 16.2;
				MARKETING_VERSION = 1.0;
				PRODUCT_BUNDLE_IDENTIFIER = com.ProductFinderTests;
				PRODUCT_NAME = "$(TARGET_NAME)";
				SWIFT_EMIT_LOC_STRINGS = NO;
				SWIFT_VERSION = 5.0;
				TARGETED_DEVICE_FAMILY = "1,2";
				TEST_HOST = "$(BUILT_PRODUCTS_DIR)/ProductFinder.app/$(BUNDLE_EXECUTABLE_FOLDER_PATH)/ProductFinder";
			};
			name = Release;
		};
		3CEE90D62AF32BEF004981EA /* Debug */ = {
			isa = XCBuildConfiguration;
			buildSettings = {
				ALWAYS_EMBED_SWIFT_STANDARD_LIBRARIES = YES;
				CODE_SIGN_STYLE = Automatic;
				CURRENT_PROJECT_VERSION = 1;
				GENERATE_INFOPLIST_FILE = YES;
				MARKETING_VERSION = 1.0;
				PRODUCT_BUNDLE_IDENTIFIER = com.ProductFinderUITests;
				PRODUCT_NAME = "$(TARGET_NAME)";
				SWIFT_EMIT_LOC_STRINGS = NO;
				SWIFT_VERSION = 5.0;
				TARGETED_DEVICE_FAMILY = "1,2";
				TEST_TARGET_NAME = ProductFinder;
			};
			name = Debug;
		};
		3CEE90D72AF32BEF004981EA /* Release */ = {
			isa = XCBuildConfiguration;
			buildSettings = {
				ALWAYS_EMBED_SWIFT_STANDARD_LIBRARIES = YES;
				CODE_SIGN_STYLE = Automatic;
				CURRENT_PROJECT_VERSION = 1;
				GENERATE_INFOPLIST_FILE = YES;
				MARKETING_VERSION = 1.0;
				PRODUCT_BUNDLE_IDENTIFIER = com.ProductFinderUITests;
				PRODUCT_NAME = "$(TARGET_NAME)";
				SWIFT_EMIT_LOC_STRINGS = NO;
				SWIFT_VERSION = 5.0;
				TARGETED_DEVICE_FAMILY = "1,2";
				TEST_TARGET_NAME = ProductFinder;
			};
			name = Release;
		};
/* End XCBuildConfiguration section */

/* Begin XCConfigurationList section */
		3CEE90A02AF32BED004981EA /* Build configuration list for PBXProject "ProductFinder" */ = {
			isa = XCConfigurationList;
			buildConfigurations = (
				3CEE90CD2AF32BEF004981EA /* Debug */,
				3CEE90CE2AF32BEF004981EA /* Release */,
			);
			defaultConfigurationIsVisible = 0;
			defaultConfigurationName = Release;
		};
		3CEE90CF2AF32BEF004981EA /* Build configuration list for PBXNativeTarget "ProductFinder" */ = {
			isa = XCConfigurationList;
			buildConfigurations = (
				3CEE90D02AF32BEF004981EA /* Debug */,
				3CEE90D12AF32BEF004981EA /* Release */,
			);
			defaultConfigurationIsVisible = 0;
			defaultConfigurationName = Release;
		};
		3CEE90D22AF32BEF004981EA /* Build configuration list for PBXNativeTarget "ProductFinderTests" */ = {
			isa = XCConfigurationList;
			buildConfigurations = (
				3CEE90D32AF32BEF004981EA /* Debug */,
				3CEE90D42AF32BEF004981EA /* Release */,
			);
			defaultConfigurationIsVisible = 0;
			defaultConfigurationName = Release;
		};
		3CEE90D52AF32BEF004981EA /* Build configuration list for PBXNativeTarget "ProductFinderUITests" */ = {
			isa = XCConfigurationList;
			buildConfigurations = (
				3CEE90D62AF32BEF004981EA /* Debug */,
				3CEE90D72AF32BEF004981EA /* Release */,
			);
			defaultConfigurationIsVisible = 0;
			defaultConfigurationName = Release;
		};
/* End XCConfigurationList section */
	};
	rootObject = 3CEE909D2AF32BED004981EA /* Project object */;
}
