PODS:
  - Alamofire (5.4.3)
  - lottie-ios (3.2.3)
  - SwiftFormat/CLI (0.48.11)
  - SwiftLint (0.43.1)

DEPENDENCIES:
  - Alamofire
  - lottie-ios
  - SwiftFormat/CLI
  - SwiftLint

SPEC REPOS:
  trunk:
    - Alamofire
    - lottie-ios
    - SwiftFormat
    - SwiftLint

SPEC CHECKSUMS:
  Alamofire: e447a2774a40c996748296fa2c55112fdbbc42f9
  lottie-ios: c058aeafa76daa4cf64d773554bccc8385d0150e
  SwiftFormat: 938e5865a118c49d63c7a290ddad86335f9e585f
  SwiftLint: 99f82d07b837b942dd563c668de129a03fc3fb52

PODFILE CHECKSUM: 396c0359cafb6fc09769bcaf60382daf0db34a57

COCOAPODS: 1.10.1
