PODS:
  - Alamofire (5.6.3)
  - lottie-ios (3.2.3)
  - SwiftFormat/CLI (0.48.11)
  - SwiftLint (0.43.1)

DEPENDENCIES:
  - Alamofire (= 5.6.3)
  - lottie-ios
  - SwiftFormat/CLI
  - SwiftLint

SPEC REPOS:
  trunk:
    - Alamofire
    - lottie-ios
    - SwiftFormat
    - SwiftLint

SPEC CHECKSUMS:
  Alamofire: 8b7a946e9db6f76e93eaa0d4c84e3751633959c9
  lottie-ios: c058aeafa76daa4cf64d773554bccc8385d0150e
  SwiftFormat: 938e5865a118c49d63c7a290ddad86335f9e585f
  SwiftLint: 99f82d07b837b942dd563c668de129a03fc3fb52

PODFILE CHECKSUM: 9434228feaa30cd4078e2d96436c426bedf996ee

COCOAPODS: 1.10.1
